
Microsoft Visual Studio Solution File, Format Version 12.00
# Visual Studio Version 17
VisualStudioVersion = 17.3.32929.385
MinimumVisualStudioVersion = 10.0.40219.1
Project("{FAE04EC0-301F-11D3-BF4B-00C04F79EFBC}") = "Selenium_3", "Selenium_3\Selenium_3.csproj", "{58928400-A279-4860-8D93-A3A0877B0B62}"
EndProject
Global
	GlobalSection(SolutionConfigurationPlatforms) = preSolution
		Debug|Any CPU = Debug|Any CPU
		Release|Any CPU = Release|Any CPU
	EndGlobalSection
	GlobalSection(ProjectConfigurationPlatforms) = postSolution
		{58928400-A279-4860-8D93-A3A0877B0B62}.Debug|Any CPU.ActiveCfg = Debug|Any CPU
		{58928400-A279-4860-8D93-A3A0877B0B62}.Debug|Any CPU.Build.0 = Debug|Any CPU
		{58928400-A279-4860-8D93-A3A0877B0B62}.Release|Any CPU.ActiveCfg = Release|Any CPU
		{58928400-A279-4860-8D93-A3A0877B0B62}.Release|Any CPU.Build.0 = Release|Any CPU
	EndGlobalSection
	GlobalSection(SolutionProperties) = preSolution
		HideSolutionNode = FALSE
	EndGlobalSection
	GlobalSection(ExtensibilityGlobals) = postSolution
		SolutionGuid = {D69FB483-EA86-40D4-9F44-6B83DCD6F5FE}
	EndGlobalSection
EndGlobal
