
Microsoft Visual Studio Solution File, Format Version 12.00
# Visual Studio Version 17
VisualStudioVersion = 17.3.32929.385
MinimumVisualStudioVersion = 10.0.40219.1
Project("{FAE04EC0-301F-11D3-BF4B-00C04F79EFBC}") = "CoreFramework", "CoreFramework\CoreFramework.csproj", "{78E7BCA5-FE21-4F8D-B440-2627A9485C26}"
EndProject
Project("{FAE04EC0-301F-11D3-BF4B-00C04F79EFBC}") = "Automation", "Automation\Automation.csproj", "{653BA912-4548-464A-A067-A36B94FFC20C}"
EndProject
Global
	GlobalSection(SolutionConfigurationPlatforms) = preSolution
		Debug|Any CPU = Debug|Any CPU
		Release|Any CPU = Release|Any CPU
	EndGlobalSection
	GlobalSection(ProjectConfigurationPlatforms) = postSolution
		{78E7BCA5-FE21-4F8D-B440-2627A9485C26}.Debug|Any CPU.ActiveCfg = Debug|Any CPU
		{78E7BCA5-FE21-4F8D-B440-2627A9485C26}.Debug|Any CPU.Build.0 = Debug|Any CPU
		{78E7BCA5-FE21-4F8D-B440-2627A9485C26}.Release|Any CPU.ActiveCfg = Release|Any CPU
		{78E7BCA5-FE21-4F8D-B440-2627A9485C26}.Release|Any CPU.Build.0 = Release|Any CPU
		{653BA912-4548-464A-A067-A36B94FFC20C}.Debug|Any CPU.ActiveCfg = Debug|Any CPU
		{653BA912-4548-464A-A067-A36B94FFC20C}.Debug|Any CPU.Build.0 = Debug|Any CPU
		{653BA912-4548-464A-A067-A36B94FFC20C}.Release|Any CPU.ActiveCfg = Release|Any CPU
		{653BA912-4548-464A-A067-A36B94FFC20C}.Release|Any CPU.Build.0 = Release|Any CPU
	EndGlobalSection
	GlobalSection(SolutionProperties) = preSolution
		HideSolutionNode = FALSE
	EndGlobalSection
	GlobalSection(ExtensibilityGlobals) = postSolution
		SolutionGuid = {3A423D03-A712-4697-80AB-06E73C6D73F0}
	EndGlobalSection
EndGlobal
